
Microsoft Visual Studio Solution File, Format Version 12.00
# Visual Studio Version 16
VisualStudioVersion = 16.0.30711.63
MinimumVisualStudioVersion = 10.0.40219.1
Project("{FAE04EC0-301F-11D3-BF4B-00C04F79EFBC}") = "Fantastic Browser", "Fantastic Browser.csproj", "{B2090E83-357C-41CF-B6B2-968AA7F39642}"
EndProject
Global
	GlobalSection(SolutionConfigurationPlatforms) = preSolution
		Debug|Any CPU = Debug|Any CPU
		Release|Any CPU = Release|Any CPU
	EndGlobalSection
	GlobalSection(ProjectConfigurationPlatforms) = postSolution
		{B2090E83-357C-41CF-B6B2-968AA7F39642}.Debug|Any CPU.ActiveCfg = Debug|Any CPU
		{B2090E83-357C-41CF-B6B2-968AA7F39642}.Debug|Any CPU.Build.0 = Debug|Any CPU
		{B2090E83-357C-41CF-B6B2-968AA7F39642}.Release|Any CPU.ActiveCfg = Release|Any CPU
		{B2090E83-357C-41CF-B6B2-968AA7F39642}.Release|Any CPU.Build.0 = Release|Any CPU
	EndGlobalSection
	GlobalSection(SolutionProperties) = preSolution
		HideSolutionNode = FALSE
	EndGlobalSection
	GlobalSection(ExtensibilityGlobals) = postSolution
		SolutionGuid = {A1E212A8-1A7F-42FE-B1FF-2362256DEFE8}
	EndGlobalSection
EndGlobal
